
Microsoft Visual Studio Solution File, Format Version 12.00
# Visual Studio Version 17
VisualStudioVersion = 17.4.33213.308
MinimumVisualStudioVersion = 10.0.40219.1
Project("{FAE04EC0-301F-11D3-BF4B-00C04F79EFBC}") = "API_Project", "API_Project.csproj", "{A7313A88-D2E4-4400-97C2-33BD0167D1C8}"
EndProject
Global
	GlobalSection(SolutionConfigurationPlatforms) = preSolution
		Debug|Any CPU = Debug|Any CPU
		Release|Any CPU = Release|Any CPU
	EndGlobalSection
	GlobalSection(ProjectConfigurationPlatforms) = postSolution
		{A7313A88-D2E4-4400-97C2-33BD0167D1C8}.Debug|Any CPU.ActiveCfg = Debug|Any CPU
		{A7313A88-D2E4-4400-97C2-33BD0167D1C8}.Debug|Any CPU.Build.0 = Debug|Any CPU
		{A7313A88-D2E4-4400-97C2-33BD0167D1C8}.Release|Any CPU.ActiveCfg = Release|Any CPU
		{A7313A88-D2E4-4400-97C2-33BD0167D1C8}.Release|Any CPU.Build.0 = Release|Any CPU
	EndGlobalSection
	GlobalSection(SolutionProperties) = preSolution
		HideSolutionNode = FALSE
	EndGlobalSection
	GlobalSection(ExtensibilityGlobals) = postSolution
		SolutionGuid = {882A3A3B-E3D2-4B1F-BDC2-F9A8EC569861}
	EndGlobalSection
EndGlobal
